
Microsoft Visual Studio Solution File, Format Version 12.00
# Visual Studio Version 17
VisualStudioVersion = 17.5.002.0
MinimumVisualStudioVersion = 10.0.40219.1
Project("{9A19103F-16F7-4668-BE54-9A1E7A4F7556}") = "BookShopConsole", "BookShopConsole.csproj", "{ABE2BB7F-A8FE-4AC7-BE6D-C984D526CE70}"
EndProject
Global
	GlobalSection(SolutionConfigurationPlatforms) = preSolution
		Debug|Any CPU = Debug|Any CPU
		Release|Any CPU = Release|Any CPU
	EndGlobalSection
	GlobalSection(ProjectConfigurationPlatforms) = postSolution
		{ABE2BB7F-A8FE-4AC7-BE6D-C984D526CE70}.Debug|Any CPU.ActiveCfg = Debug|Any CPU
		{ABE2BB7F-A8FE-4AC7-BE6D-C984D526CE70}.Debug|Any CPU.Build.0 = Debug|Any CPU
		{ABE2BB7F-A8FE-4AC7-BE6D-C984D526CE70}.Release|Any CPU.ActiveCfg = Release|Any CPU
		{ABE2BB7F-A8FE-4AC7-BE6D-C984D526CE70}.Release|Any CPU.Build.0 = Release|Any CPU
	EndGlobalSection
	GlobalSection(SolutionProperties) = preSolution
		HideSolutionNode = FALSE
	EndGlobalSection
	GlobalSection(ExtensibilityGlobals) = postSolution
		SolutionGuid = {61A2A339-3AFC-46FD-84E2-28867CD663F5}
	EndGlobalSection
EndGlobal
